<?xml version="1.0" encoding="utf-8"?>
<Project ToolsVersion="4.0" xmlns="http://schemas.microsoft.com/developer/msbuild/2003">
  <ItemGroup>
    <Filter Include="Source Files">
      <UniqueIdentifier>{4FC737F1-C7A5-4376-A066-2A32D752A2FF}</UniqueIdentifier>
      <Extensions>cpp;c;cc;cxx;c++;cppm;ixx;def;odl;idl;hpj;bat;asm;asmx</Extensions>
    </Filter>
    <Filter Include="Header Files">
      <UniqueIdentifier>{93995380-89BD-4b04-88EB-625FBE52EBFB}</UniqueIdentifier>
      <Extensions>h;hh;hpp;hxx;h++;hm;inl;inc;ipp;xsd</Extensions>
    </Filter>
    <Filter Include="Resource Files">
      <UniqueIdentifier>{67DA6AB6-F800-4c08-8B7A-83BB121AAD01}</UniqueIdentifier>
      <Extensions>rc;ico;cur;bmp;dlg;rc2;rct;bin;rgs;gif;jpg;jpeg;jpe;resx;tiff;tif;png;wav;mfcribbon-ms</Extensions>
    </Filter>
  </ItemGroup>
  <ItemGroup>
    <ClCompile Include="Rust-v3.cpp">
      <Filter>Source Files</Filter>
    </ClCompile>
    <ClCompile Include="SDK\structs.cpp">
      <Filter>Source Files</Filter>
    </ClCompile>
    <ClCompile Include="mrt\core.cpp">
      <Filter>Source Files</Filter>
    </ClCompile>
    <ClCompile Include="mrt\string.cpp">
      <Filter>Source Files</Filter>
    </ClCompile>
    <ClCompile Include="mrt\memory.cpp">
      <Filter>Source Files</Filter>
    </ClCompile>
    <ClCompile Include="ui\imgui\imgui.cpp">
      <Filter>Source Files</Filter>
    </ClCompile>
    <ClCompile Include="ui\imgui\imgui_draw.cpp">
      <Filter>Source Files</Filter>
    </ClCompile>
    <ClCompile Include="ui\imgui\imgui_tables.cpp">
      <Filter>Source Files</Filter>
    </ClCompile>
    <ClCompile Include="ui\imgui\imgui_widgets.cpp">
      <Filter>Source Files</Filter>
    </ClCompile>
    <ClCompile Include="mrt\math.cpp">
      <Filter>Source Files</Filter>
    </ClCompile>
    <ClCompile Include="ui\GUI.cpp">
      <Filter>Source Files</Filter>
    </ClCompile>
    <ClCompile Include="ui\mui.cpp">
      <Filter>Source Files</Filter>
    </ClCompile>
    <ClCompile Include="SDK\il2cpp_api.cpp">
      <Filter>Source Files</Filter>
    </ClCompile>
    <ClCompile Include="Hooks\BasePlayer.cpp">
      <Filter>Source Files</Filter>
    </ClCompile>
    <ClCompile Include="Hooks\Projectile.cpp">
      <Filter>Source Files</Filter>
    </ClCompile>
    <ClCompile Include="Hooks\ItemIcon.cpp">
      <Filter>Source Files</Filter>
    </ClCompile>
    <ClCompile Include="Hooks\PlayerWalkMovement.cpp">
      <Filter>Source Files</Filter>
    </ClCompile>
    <ClCompile Include="SDK\mem.cpp">
      <Filter>Source Files</Filter>
    </ClCompile>
    <ClCompile Include="Hooks\MainCamera.cpp">
      <Filter>Source Files</Filter>
    </ClCompile>
    <ClCompile Include="mrt\logging.cpp">
      <Filter>Source Files</Filter>
    </ClCompile>
    <ClCompile Include="Hooks\PerformanceText.cpp">
      <Filter>Source Files</Filter>
    </ClCompile>
  </ItemGroup>
  <ItemGroup>
    <ClInclude Include="mrt\xorstr.hpp">
      <Filter>Header Files</Filter>
    </ClInclude>
    <ClInclude Include="mrt\lazy_importer.hpp">
      <Filter>Header Files</Filter>
    </ClInclude>
    <ClInclude Include="SDK\SDK.h">
      <Filter>Header Files</Filter>
    </ClInclude>
    <ClInclude Include="SDK\il2cpp.h">
      <Filter>Header Files</Filter>
    </ClInclude>
    <ClInclude Include="SDK\structs.h">
      <Filter>Header Files</Filter>
    </ClInclude>
    <ClInclude Include="SDK\enums.h">
      <Filter>Header Files</Filter>
    </ClInclude>
    <ClInclude Include="SDK\math.h">
      <Filter>Header Files</Filter>
    </ClInclude>
    <ClInclude Include="Kotlar\Kotlar.h">
      <Filter>Header Files</Filter>
    </ClInclude>
    <ClInclude Include="SDK\globals.h">
      <Filter>Header Files</Filter>
    </ClInclude>
    <ClInclude Include="SDK\Offsets.h">
      <Filter>Header Files</Filter>
    </ClInclude>
    <ClInclude Include="mrt\fnv1a.hpp">
      <Filter>Header Files</Filter>
    </ClInclude>
    <ClInclude Include="mrt\core.h">
      <Filter>Header Files</Filter>
    </ClInclude>
    <ClInclude Include="ui\imgui\imconfig.h">
      <Filter>Header Files</Filter>
    </ClInclude>
    <ClInclude Include="ui\imgui\imgui.h">
      <Filter>Header Files</Filter>
    </ClInclude>
    <ClInclude Include="ui\imgui\imgui_internal.h">
      <Filter>Header Files</Filter>
    </ClInclude>
    <ClInclude Include="ui\imgui\imstb_rectpack.h">
      <Filter>Header Files</Filter>
    </ClInclude>
    <ClInclude Include="ui\imgui\imstb_textedit.h">
      <Filter>Header Files</Filter>
    </ClInclude>
    <ClInclude Include="ui\imgui\imstb_truetype.h">
      <Filter>Header Files</Filter>
    </ClInclude>
    <ClInclude Include="ui\GUI.h">
      <Filter>Header Files</Filter>
    </ClInclude>
    <ClInclude Include="ui\miniState.h">
      <Filter>Header Files</Filter>
    </ClInclude>
    <ClInclude Include="ui\MiniTween.h">
      <Filter>Header Files</Filter>
    </ClInclude>
    <ClInclude Include="ui\mui.h">
      <Filter>Header Files</Filter>
    </ClInclude>
    <ClInclude Include="ui\STween.h">
      <Filter>Header Files</Filter>
    </ClInclude>
    <ClInclude Include="SDK\il2cpp_api.h">
      <Filter>Header Files</Filter>
    </ClInclude>
    <ClInclude Include="Hooks\BasePlayer.h">
      <Filter>Header Files</Filter>
    </ClInclude>
    <ClInclude Include="Hooks\Projectile.h">
      <Filter>Header Files</Filter>
    </ClInclude>
    <ClInclude Include="Hooks\ItemIcon.h">
      <Filter>Header Files</Filter>
    </ClInclude>
    <ClInclude Include="Hooks\PlayerWalkMovement.h">
      <Filter>Header Files</Filter>
    </ClInclude>
    <ClInclude Include="Hooks\Hooks.h">
      <Filter>Header Files</Filter>
    </ClInclude>
    <ClInclude Include="SDK\mem.h">
      <Filter>Header Files</Filter>
    </ClInclude>
    <ClInclude Include="SDK\ntwinddk.h">
      <Filter>Header Files</Filter>
    </ClInclude>
    <ClInclude Include="Hooks\MainCamera.h">
      <Filter>Header Files</Filter>
    </ClInclude>
    <ClInclude Include="mrt\logging.h">
      <Filter>Header Files</Filter>
    </ClInclude>
    <ClInclude Include="Hooks\PerformanceText.h">
      <Filter>Header Files</Filter>
    </ClInclude>
  </ItemGroup>
</Project>